github.com/tencentcloud/tencentcloud-sdk-go/tencentcloud/cdn v1.0.966 h1:zvKCNoICSANFfr7Sdi312RqgGDpny0TMRqi4vpMJvPc=
github.com/tencentcloud/tencentcloud-sdk-go/tencentcloud/cdn v1.0.966/go.mod h1:+vQ+iesljT7vR4hI4DoxPIMyZak0Vu89jWrmFD4FgVk=
github.com/tencentcloud/tencentcloud-sdk-go/tencentcloud/common v1.0.966 h1:a8iwnSwDKrXNeaIVvBLWopx+0W2QtVxHRQUTkgI6Egw=
github.com/tencentcloud/tencentcloud-sdk-go/tencentcloud/common v1.0.966/go.mod h1:r5r4xbfxSaeR04b166HGsBa/R4U3SueirEUpXGuw+Q0=
github.com/tencentcloud/tencentcloud-sdk-go/tencentcloud/ssl v1.0.966 h1:xAuJ4hAdV9Y4qEQVkRZHAESXO13SNwUttKAxiWCRlME=
github.com/tencentcloud/tencentcloud-sdk-go/tencentcloud/ssl v1.0.966/go.mod h1:bIe7YItbjFWD5qj4QNA4qqlmKrur/zWA/BdIogR60Eg=
gopkg.in/check.v1 v0.0.0-20161208181325-20d25e280405/go.mod h1:Co6ibVJAznAaIkqp8huTwlJQCZ016jof/cbN4VW5Yz0=
gopkg.in/yaml.v3 v3.0.1 h1:fxVm/GzAzEWqLHuvctI91KS9hhNmmWOoWu0XTYJS7CA=
gopkg.in/yaml.v3 v3.0.1/go.mod h1:K4uyk7z7BCEPqu6E+C64Yfv1cQ7kz7rIZviUmN+EgEM=
